
Microsoft Visual Studio Solution File, Format Version 12.00
# Visual Studio Version 17
VisualStudioVersion = 17.6.33829.357
MinimumVisualStudioVersion = 10.0.40219.1
Project("{FAE04EC0-301F-11D3-BF4B-00C04F79EFBC}") = "INDProducts.API", "INDProducts.API\INDProducts.API.csproj", "{ED17DB69-7B81-4C76-AEFB-DC3008603293}"
EndProject
Global
	GlobalSection(SolutionConfigurationPlatforms) = preSolution
		Debug|Any CPU = Debug|Any CPU
		Release|Any CPU = Release|Any CPU
	EndGlobalSection
	GlobalSection(ProjectConfigurationPlatforms) = postSolution
		{ED17DB69-7B81-4C76-AEFB-DC3008603293}.Debug|Any CPU.ActiveCfg = Debug|Any CPU
		{ED17DB69-7B81-4C76-AEFB-DC3008603293}.Debug|Any CPU.Build.0 = Debug|Any CPU
		{ED17DB69-7B81-4C76-AEFB-DC3008603293}.Release|Any CPU.ActiveCfg = Release|Any CPU
		{ED17DB69-7B81-4C76-AEFB-DC3008603293}.Release|Any CPU.Build.0 = Release|Any CPU
	EndGlobalSection
	GlobalSection(SolutionProperties) = preSolution
		HideSolutionNode = FALSE
	EndGlobalSection
	GlobalSection(ExtensibilityGlobals) = postSolution
		SolutionGuid = {BC96E734-1A2B-4BCE-AD0C-0C06E0BCCF67}
	EndGlobalSection
EndGlobal
